// !$*UTF8*$!
{
	archiveVersion = 1;
	classes = {
	};
	objectVersion = 51;
	objects = {

/* Begin PBXBuildFile section */
		2E82CC172608708600229E1A /* NSString+HYFrame.m in Sources */ = {isa = PBXBuildFile; fileRef = 2E82CC072608708600229E1A /* NSString+HYFrame.m */; };
		2E82CC182608708600229E1A /* ZhenTableDataSource.m in Sources */ = {isa = PBXBuildFile; fileRef = 2E82CC0B2608708600229E1A /* ZhenTableDataSource.m */; };
		2E82CC192608708600229E1A /* HYImageVideoModel.m in Sources */ = {isa = PBXBuildFile; fileRef = 2E82CC0E2608708600229E1A /* HYImageVideoModel.m */; };
		2E82CC1A2608708600229E1A /* HYFormInfoModel.m in Sources */ = {isa = PBXBuildFile; fileRef = 2E82CC0F2608708600229E1A /* HYFormInfoModel.m */; };
		2E82CC1B2608708600229E1A /* HYImageView.m in Sources */ = {isa = PBXBuildFile; fileRef = 2E82CC142608708600229E1A /* HYImageView.m */; };
		2E82CC1C2608708600229E1A /* HYFormSegmentView.m in Sources */ = {isa = PBXBuildFile; fileRef = 2E82CC152608708600229E1A /* HYFormSegmentView.m */; };
		2E82CC2726087A6900229E1A /* UIColor+HYAdd.m in Sources */ = {isa = PBXBuildFile; fileRef = 2E82CC2626087A6900229E1A /* UIColor+HYAdd.m */; };
		2E82CC3026087B6F00229E1A /* NSString+HYAdd.m in Sources */ = {isa = PBXBuildFile; fileRef = 2E82CC2F26087B6F00229E1A /* NSString+HYAdd.m */; };
		2E82CC4626087EB900229E1A /* HYBaseModel.m in Sources */ = {isa = PBXBuildFile; fileRef = 2E82CC4526087EB900229E1A /* HYBaseModel.m */; };
		2E82CC4C2608811E00229E1A /* HYTextView.m in Sources */ = {isa = PBXBuildFile; fileRef = 2E82CC4B2608811E00229E1A /* HYTextView.m */; };
		2E82CC5A26088A2100229E1A /* UIView+HYSubview.m in Sources */ = {isa = PBXBuildFile; fileRef = 2E82CC5926088A2100229E1A /* UIView+HYSubview.m */; };
		2E82CC6426088B0D00229E1A /* UIImage+HYAdd.m in Sources */ = {isa = PBXBuildFile; fileRef = 2E82CC6326088B0D00229E1A /* UIImage+HYAdd.m */; };
		2E82CC8026088FAE00229E1A /* HYBaseViewController.m in Sources */ = {isa = PBXBuildFile; fileRef = 2E82CC7F26088FAE00229E1A /* HYBaseViewController.m */; };
		2E82CC872608902700229E1A /* UIViewController+HYImagePicker.m in Sources */ = {isa = PBXBuildFile; fileRef = 2E82CC862608902700229E1A /* UIViewController+HYImagePicker.m */; };
		2E82CC902608920900229E1A /* UIViewController+HYAlert.m in Sources */ = {isa = PBXBuildFile; fileRef = 2E82CC8F2608920900229E1A /* UIViewController+HYAlert.m */; };
		2E82CC9F2608977D00229E1A /* MBProgressHUD+HYAdd.m in Sources */ = {isa = PBXBuildFile; fileRef = 2E82CC9E2608977D00229E1A /* MBProgressHUD+HYAdd.m */; };
		2E82CCAA26089E2700229E1A /* HYAFttpTool.m in Sources */ = {isa = PBXBuildFile; fileRef = 2E82CCA926089E2700229E1A /* HYAFttpTool.m */; };
		2E92583725B2B0750025370D /* AppDelegate.m in Sources */ = {isa = PBXBuildFile; fileRef = 2E92583625B2B0750025370D /* AppDelegate.m */; };
		2E92583D25B2B0750025370D /* ViewController.m in Sources */ = {isa = PBXBuildFile; fileRef = 2E92583C25B2B0750025370D /* ViewController.m */; };
		2E92584025B2B0750025370D /* Main.storyboard in Resources */ = {isa = PBXBuildFile; fileRef = 2E92583E25B2B0750025370D /* Main.storyboard */; };
		2E92584225B2B0780025370D /* Assets.xcassets in Resources */ = {isa = PBXBuildFile; fileRef = 2E92584125B2B0780025370D /* Assets.xcassets */; };
		2E92584525B2B0780025370D /* LaunchScreen.storyboard in Resources */ = {isa = PBXBuildFile; fileRef = 2E92584325B2B0780025370D /* LaunchScreen.storyboard */; };
		2E92584825B2B0780025370D /* main.m in Sources */ = {isa = PBXBuildFile; fileRef = 2E92584725B2B0780025370D /* main.m */; };
		2E92585225B2B0780025370D /* ObjcProjectTemplateTests.m in Sources */ = {isa = PBXBuildFile; fileRef = 2E92585125B2B0780025370D /* ObjcProjectTemplateTests.m */; };
		2E92585D25B2B0790025370D /* ObjcProjectTemplateUITests.m in Sources */ = {isa = PBXBuildFile; fileRef = 2E92585C25B2B0790025370D /* ObjcProjectTemplateUITests.m */; };
		2E92587E25B2B4970025370D /* TestViewController.m in Sources */ = {isa = PBXBuildFile; fileRef = 2E92587D25B2B4970025370D /* TestViewController.m */; };
		47AE0D723D1513B24218CECF /* Pods_ObjcProjectTemplate.framework in Frameworks */ = {isa = PBXBuildFile; fileRef = 0B1B96163ED6837F6E20755B /* Pods_ObjcProjectTemplate.framework */; };
		47B9C6494C7B6031E6C71E70 /* Pods_ObjcProjectTemplateTests.framework in Frameworks */ = {isa = PBXBuildFile; fileRef = 7780F094733BBAF1F7A4DB37 /* Pods_ObjcProjectTemplateTests.framework */; };
		54AC82FAC329161EE11D40E4 /* Pods_ObjcProjectTemplate_ObjcProjectTemplateUITests.framework in Frameworks */ = {isa = PBXBuildFile; fileRef = C239D9DFFC435199ABC0FBB6 /* Pods_ObjcProjectTemplate_ObjcProjectTemplateUITests.framework */; };
/* End PBXBuildFile section */

/* Begin PBXContainerItemProxy section */
		2E92584E25B2B0780025370D /* PBXContainerItemProxy */ = {
			isa = PBXContainerItemProxy;
			containerPortal = 2E92582A25B2B0750025370D /* Project object */;
			proxyType = 1;
			remoteGlobalIDString = 2E92583125B2B0750025370D;
			remoteInfo = ObjcProjectTemplate;
		};
		2E92585925B2B0790025370D /* PBXContainerItemProxy */ = {
			isa = PBXContainerItemProxy;
			containerPortal = 2E92582A25B2B0750025370D /* Project object */;
			proxyType = 1;
			remoteGlobalIDString = 2E92583125B2B0750025370D;
			remoteInfo = ObjcProjectTemplate;
		};
/* End PBXContainerItemProxy section */

/* Begin PBXFileReference section */
		0B1B96163ED6837F6E20755B /* Pods_ObjcProjectTemplate.framework */ = {isa = PBXFileReference; explicitFileType = wrapper.framework; includeInIndex = 0; path = Pods_ObjcProjectTemplate.framework; sourceTree = BUILT_PRODUCTS_DIR; };
		10529A56727FA749DC1720D9 /* Pods-ObjcProjectTemplate-ObjcProjectTemplateUITests.release.xcconfig */ = {isa = PBXFileReference; includeInIndex = 1; lastKnownFileType = text.xcconfig; name = "Pods-ObjcProjectTemplate-ObjcProjectTemplateUITests.release.xcconfig"; path = "Target Support Files/Pods-ObjcProjectTemplate-ObjcProjectTemplateUITests/Pods-ObjcProjectTemplate-ObjcProjectTemplateUITests.release.xcconfig"; sourceTree = "<group>"; };
		1CBC84238048FD9A14A56C67 /* Pods-ObjcProjectTemplate.debug.xcconfig */ = {isa = PBXFileReference; includeInIndex = 1; lastKnownFileType = text.xcconfig; name = "Pods-ObjcProjectTemplate.debug.xcconfig"; path = "Target Support Files/Pods-ObjcProjectTemplate/Pods-ObjcProjectTemplate.debug.xcconfig"; sourceTree = "<group>"; };
		27BC1426165997470C90EC08 /* Pods-ObjcProjectTemplate.release.xcconfig */ = {isa = PBXFileReference; includeInIndex = 1; lastKnownFileType = text.xcconfig; name = "Pods-ObjcProjectTemplate.release.xcconfig"; path = "Target Support Files/Pods-ObjcProjectTemplate/Pods-ObjcProjectTemplate.release.xcconfig"; sourceTree = "<group>"; };
		2E82CC062608708600229E1A /* NSString+HYFrame.h */ = {isa = PBXFileReference; fileEncoding = 4; lastKnownFileType = sourcecode.c.h; path = "NSString+HYFrame.h"; sourceTree = "<group>"; };
		2E82CC072608708600229E1A /* NSString+HYFrame.m */ = {isa = PBXFileReference; fileEncoding = 4; lastKnownFileType = sourcecode.c.objc; path = "NSString+HYFrame.m"; sourceTree = "<group>"; };
		2E82CC0B2608708600229E1A /* ZhenTableDataSource.m */ = {isa = PBXFileReference; fileEncoding = 4; lastKnownFileType = sourcecode.c.objc; path = ZhenTableDataSource.m; sourceTree = "<group>"; };
		2E82CC0C2608708600229E1A /* ZhenTableDataSource.h */ = {isa = PBXFileReference; fileEncoding = 4; lastKnownFileType = sourcecode.c.h; path = ZhenTableDataSource.h; sourceTree = "<group>"; };
		2E82CC0E2608708600229E1A /* HYImageVideoModel.m */ = {isa = PBXFileReference; fileEncoding = 4; lastKnownFileType = sourcecode.c.objc; path = HYImageVideoModel.m; sourceTree = "<group>"; };
		2E82CC0F2608708600229E1A /* HYFormInfoModel.m */ = {isa = PBXFileReference; fileEncoding = 4; lastKnownFileType = sourcecode.c.objc; path = HYFormInfoModel.m; sourceTree = "<group>"; };
		2E82CC102608708600229E1A /* HYFormInfoModel.h */ = {isa = PBXFileReference; fileEncoding = 4; lastKnownFileType = sourcecode.c.h; path = HYFormInfoModel.h; sourceTree = "<group>"; };
		2E82CC112608708600229E1A /* HYImageVideoModel.h */ = {isa = PBXFileReference; fileEncoding = 4; lastKnownFileType = sourcecode.c.h; path = HYImageVideoModel.h; sourceTree = "<group>"; };
		2E82CC132608708600229E1A /* HYFormSegmentView.h */ = {isa = PBXFileReference; fileEncoding = 4; lastKnownFileType = sourcecode.c.h; path = HYFormSegmentView.h; sourceTree = "<group>"; };
		2E82CC142608708600229E1A /* HYImageView.m */ = {isa = PBXFileReference; fileEncoding = 4; lastKnownFileType = sourcecode.c.objc; path = HYImageView.m; sourceTree = "<group>"; };
		2E82CC152608708600229E1A /* HYFormSegmentView.m */ = {isa = PBXFileReference; fileEncoding = 4; lastKnownFileType = sourcecode.c.objc; path = HYFormSegmentView.m; sourceTree = "<group>"; };
		2E82CC162608708600229E1A /* HYImageView.h */ = {isa = PBXFileReference; fileEncoding = 4; lastKnownFileType = sourcecode.c.h; path = HYImageView.h; sourceTree = "<group>"; };
		2E82CC202608714F00229E1A /* HYPrefixHeader.pch */ = {isa = PBXFileReference; lastKnownFileType = sourcecode.c.h; path = HYPrefixHeader.pch; sourceTree = "<group>"; };
		2E82CC2526087A6900229E1A /* UIColor+HYAdd.h */ = {isa = PBXFileReference; lastKnownFileType = sourcecode.c.h; path = "UIColor+HYAdd.h"; sourceTree = "<group>"; };
		2E82CC2626087A6900229E1A /* UIColor+HYAdd.m */ = {isa = PBXFileReference; lastKnownFileType = sourcecode.c.objc; path = "UIColor+HYAdd.m"; sourceTree = "<group>"; };
		2E82CC2E26087B6F00229E1A /* NSString+HYAdd.h */ = {isa = PBXFileReference; lastKnownFileType = sourcecode.c.h; path = "NSString+HYAdd.h"; sourceTree = "<group>"; };
		2E82CC2F26087B6F00229E1A /* NSString+HYAdd.m */ = {isa = PBXFileReference; lastKnownFileType = sourcecode.c.objc; path = "NSString+HYAdd.m"; sourceTree = "<group>"; };
		2E82CC3826087D2600229E1A /* HYFramework.h */ = {isa = PBXFileReference; lastKnownFileType = sourcecode.c.h; path = HYFramework.h; sourceTree = "<group>"; };
		2E82CC4426087EB800229E1A /* HYBaseModel.h */ = {isa = PBXFileReference; fileEncoding = 4; lastKnownFileType = sourcecode.c.h; path = HYBaseModel.h; sourceTree = "<group>"; };
		2E82CC4526087EB900229E1A /* HYBaseModel.m */ = {isa = PBXFileReference; fileEncoding = 4; lastKnownFileType = sourcecode.c.objc; path = HYBaseModel.m; sourceTree = "<group>"; };
		2E82CC4A2608811E00229E1A /* HYTextView.h */ = {isa = PBXFileReference; lastKnownFileType = sourcecode.c.h; path = HYTextView.h; sourceTree = "<group>"; };
		2E82CC4B2608811E00229E1A /* HYTextView.m */ = {isa = PBXFileReference; lastKnownFileType = sourcecode.c.objc; path = HYTextView.m; sourceTree = "<group>"; };
		2E82CC5826088A2100229E1A /* UIView+HYSubview.h */ = {isa = PBXFileReference; lastKnownFileType = sourcecode.c.h; path = "UIView+HYSubview.h"; sourceTree = "<group>"; };
		2E82CC5926088A2100229E1A /* UIView+HYSubview.m */ = {isa = PBXFileReference; lastKnownFileType = sourcecode.c.objc; path = "UIView+HYSubview.m"; sourceTree = "<group>"; };
		2E82CC6226088B0D00229E1A /* UIImage+HYAdd.h */ = {isa = PBXFileReference; lastKnownFileType = sourcecode.c.h; path = "UIImage+HYAdd.h"; sourceTree = "<group>"; };
		2E82CC6326088B0D00229E1A /* UIImage+HYAdd.m */ = {isa = PBXFileReference; lastKnownFileType = sourcecode.c.objc; path = "UIImage+HYAdd.m"; sourceTree = "<group>"; };
		2E82CC6B26088CE000229E1A /* HYVerndorMacro.h */ = {isa = PBXFileReference; lastKnownFileType = sourcecode.c.h; path = HYVerndorMacro.h; sourceTree = "<group>"; };
		2E82CC7E26088FAE00229E1A /* HYBaseViewController.h */ = {isa = PBXFileReference; lastKnownFileType = sourcecode.c.h; path = HYBaseViewController.h; sourceTree = "<group>"; };
		2E82CC7F26088FAE00229E1A /* HYBaseViewController.m */ = {isa = PBXFileReference; lastKnownFileType = sourcecode.c.objc; path = HYBaseViewController.m; sourceTree = "<group>"; };
		2E82CC852608902700229E1A /* UIViewController+HYImagePicker.h */ = {isa = PBXFileReference; lastKnownFileType = sourcecode.c.h; path = "UIViewController+HYImagePicker.h"; sourceTree = "<group>"; };
		2E82CC862608902700229E1A /* UIViewController+HYImagePicker.m */ = {isa = PBXFileReference; lastKnownFileType = sourcecode.c.objc; path = "UIViewController+HYImagePicker.m"; sourceTree = "<group>"; };
		2E82CC8E2608920900229E1A /* UIViewController+HYAlert.h */ = {isa = PBXFileReference; lastKnownFileType = sourcecode.c.h; path = "UIViewController+HYAlert.h"; sourceTree = "<group>"; };
		2E82CC8F2608920900229E1A /* UIViewController+HYAlert.m */ = {isa = PBXFileReference; lastKnownFileType = sourcecode.c.objc; path = "UIViewController+HYAlert.m"; sourceTree = "<group>"; };
		2E82CC9D2608977D00229E1A /* MBProgressHUD+HYAdd.h */ = {isa = PBXFileReference; lastKnownFileType = sourcecode.c.h; path = "MBProgressHUD+HYAdd.h"; sourceTree = "<group>"; };
		2E82CC9E2608977D00229E1A /* MBProgressHUD+HYAdd.m */ = {isa = PBXFileReference; lastKnownFileType = sourcecode.c.objc; path = "MBProgressHUD+HYAdd.m"; sourceTree = "<group>"; };
		2E82CCA826089E2700229E1A /* HYAFttpTool.h */ = {isa = PBXFileReference; lastKnownFileType = sourcecode.c.h; path = HYAFttpTool.h; sourceTree = "<group>"; };
		2E82CCA926089E2700229E1A /* HYAFttpTool.m */ = {isa = PBXFileReference; lastKnownFileType = sourcecode.c.objc; path = HYAFttpTool.m; sourceTree = "<group>"; };
		2E92583225B2B0750025370D /* ObjcProjectTemplate.app */ = {isa = PBXFileReference; explicitFileType = wrapper.application; includeInIndex = 0; path = ObjcProjectTemplate.app; sourceTree = BUILT_PRODUCTS_DIR; };
		2E92583525B2B0750025370D /* AppDelegate.h */ = {isa = PBXFileReference; lastKnownFileType = sourcecode.c.h; path = AppDelegate.h; sourceTree = "<group>"; };
		2E92583625B2B0750025370D /* AppDelegate.m */ = {isa = PBXFileReference; lastKnownFileType = sourcecode.c.objc; path = AppDelegate.m; sourceTree = "<group>"; };
		2E92583B25B2B0750025370D /* ViewController.h */ = {isa = PBXFileReference; lastKnownFileType = sourcecode.c.h; path = ViewController.h; sourceTree = "<group>"; };
		2E92583C25B2B0750025370D /* ViewController.m */ = {isa = PBXFileReference; lastKnownFileType = sourcecode.c.objc; path = ViewController.m; sourceTree = "<group>"; };
		2E92583F25B2B0750025370D /* Base */ = {isa = PBXFileReference; lastKnownFileType = file.storyboard; name = Base; path = Base.lproj/Main.storyboard; sourceTree = "<group>"; };
		2E92584125B2B0780025370D /* Assets.xcassets */ = {isa = PBXFileReference; lastKnownFileType = folder.assetcatalog; path = Assets.xcassets; sourceTree = "<group>"; };
		2E92584425B2B0780025370D /* Base */ = {isa = PBXFileReference; lastKnownFileType = file.storyboard; name = Base; path = Base.lproj/LaunchScreen.storyboard; sourceTree = "<group>"; };
		2E92584625B2B0780025370D /* Info.plist */ = {isa = PBXFileReference; lastKnownFileType = text.plist.xml; path = Info.plist; sourceTree = "<group>"; };
		2E92584725B2B0780025370D /* main.m */ = {isa = PBXFileReference; lastKnownFileType = sourcecode.c.objc; path = main.m; sourceTree = "<group>"; };
		2E92584D25B2B0780025370D /* ObjcProjectTemplateTests.xctest */ = {isa = PBXFileReference; explicitFileType = wrapper.cfbundle; includeInIndex = 0; path = ObjcProjectTemplateTests.xctest; sourceTree = BUILT_PRODUCTS_DIR; };
		2E92585125B2B0780025370D /* ObjcProjectTemplateTests.m */ = {isa = PBXFileReference; lastKnownFileType = sourcecode.c.objc; path = ObjcProjectTemplateTests.m; sourceTree = "<group>"; };
		2E92585325B2B0780025370D /* Info.plist */ = {isa = PBXFileReference; lastKnownFileType = text.plist.xml; path = Info.plist; sourceTree = "<group>"; };
		2E92585825B2B0790025370D /* ObjcProjectTemplateUITests.xctest */ = {isa = PBXFileReference; explicitFileType = wrapper.cfbundle; includeInIndex = 0; path = ObjcProjectTemplateUITests.xctest; sourceTree = BUILT_PRODUCTS_DIR; };
		2E92585C25B2B0790025370D /* ObjcProjectTemplateUITests.m */ = {isa = PBXFileReference; lastKnownFileType = sourcecode.c.objc; path = ObjcProjectTemplateUITests.m; sourceTree = "<group>"; };
		2E92585E25B2B0790025370D /* Info.plist */ = {isa = PBXFileReference; lastKnownFileType = text.plist.xml; path = Info.plist; sourceTree = "<group>"; };
		2E92587C25B2B4970025370D /* TestViewController.h */ = {isa = PBXFileReference; lastKnownFileType = sourcecode.c.h; path = TestViewController.h; sourceTree = "<group>"; };
		2E92587D25B2B4970025370D /* TestViewController.m */ = {isa = PBXFileReference; lastKnownFileType = sourcecode.c.objc; path = TestViewController.m; sourceTree = "<group>"; };
		2E92588625B2BC440025370D /* HYAPIConfig.h */ = {isa = PBXFileReference; lastKnownFileType = sourcecode.c.h; path = HYAPIConfig.h; sourceTree = "<group>"; };
		2E92588725B2BDBF0025370D /* HYConstMacro.h */ = {isa = PBXFileReference; lastKnownFileType = sourcecode.c.h; path = HYConstMacro.h; sourceTree = "<group>"; };
		7780F094733BBAF1F7A4DB37 /* Pods_ObjcProjectTemplateTests.framework */ = {isa = PBXFileReference; explicitFileType = wrapper.framework; includeInIndex = 0; path = Pods_ObjcProjectTemplateTests.framework; sourceTree = BUILT_PRODUCTS_DIR; };
		AD437820CCBEA896F38661AD /* Pods-ObjcProjectTemplate-ObjcProjectTemplateUITests.debug.xcconfig */ = {isa = PBXFileReference; includeInIndex = 1; lastKnownFileType = text.xcconfig; name = "Pods-ObjcProjectTemplate-ObjcProjectTemplateUITests.debug.xcconfig"; path = "Target Support Files/Pods-ObjcProjectTemplate-ObjcProjectTemplateUITests/Pods-ObjcProjectTemplate-ObjcProjectTemplateUITests.debug.xcconfig"; sourceTree = "<group>"; };
		C239D9DFFC435199ABC0FBB6 /* Pods_ObjcProjectTemplate_ObjcProjectTemplateUITests.framework */ = {isa = PBXFileReference; explicitFileType = wrapper.framework; includeInIndex = 0; path = Pods_ObjcProjectTemplate_ObjcProjectTemplateUITests.framework; sourceTree = BUILT_PRODUCTS_DIR; };
		DCE2FB7A86AFB163BBCDCEB6 /* Pods-ObjcProjectTemplateTests.debug.xcconfig */ = {isa = PBXFileReference; includeInIndex = 1; lastKnownFileType = text.xcconfig; name = "Pods-ObjcProjectTemplateTests.debug.xcconfig"; path = "Target Support Files/Pods-ObjcProjectTemplateTests/Pods-ObjcProjectTemplateTests.debug.xcconfig"; sourceTree = "<group>"; };
		F39283DE4B2C157BA3F0352F /* Pods-ObjcProjectTemplateTests.release.xcconfig */ = {isa = PBXFileReference; includeInIndex = 1; lastKnownFileType = text.xcconfig; name = "Pods-ObjcProjectTemplateTests.release.xcconfig"; path = "Target Support Files/Pods-ObjcProjectTemplateTests/Pods-ObjcProjectTemplateTests.release.xcconfig"; sourceTree = "<group>"; };
/* End PBXFileReference section */

/* Begin PBXFrameworksBuildPhase section */
		2E92582F25B2B0750025370D /* Frameworks */ = {
			isa = PBXFrameworksBuildPhase;
			buildActionMask = 2147483647;
			files = (
				47AE0D723D1513B24218CECF /* Pods_ObjcProjectTemplate.framework in Frameworks */,
			);
			runOnlyForDeploymentPostprocessing = 0;
		};
		2E92584A25B2B0780025370D /* Frameworks */ = {
			isa = PBXFrameworksBuildPhase;
			buildActionMask = 2147483647;
			files = (
				47B9C6494C7B6031E6C71E70 /* Pods_ObjcProjectTemplateTests.framework in Frameworks */,
			);
			runOnlyForDeploymentPostprocessing = 0;
		};
		2E92585525B2B0790025370D /* Frameworks */ = {
			isa = PBXFrameworksBuildPhase;
			buildActionMask = 2147483647;
			files = (
				54AC82FAC329161EE11D40E4 /* Pods_ObjcProjectTemplate_ObjcProjectTemplateUITests.framework in Frameworks */,
			);
			runOnlyForDeploymentPostprocessing = 0;
		};
/* End PBXFrameworksBuildPhase section */

/* Begin PBXGroup section */
		10021DA89DE1E309804D4E22 /* Frameworks */ = {
			isa = PBXGroup;
			children = (
				0B1B96163ED6837F6E20755B /* Pods_ObjcProjectTemplate.framework */,
				C239D9DFFC435199ABC0FBB6 /* Pods_ObjcProjectTemplate_ObjcProjectTemplateUITests.framework */,
				7780F094733BBAF1F7A4DB37 /* Pods_ObjcProjectTemplateTests.framework */,
			);
			name = Frameworks;
			sourceTree = "<group>";
		};
		122795590AD5EE18DD96128D /* Pods */ = {
			isa = PBXGroup;
			children = (
				1CBC84238048FD9A14A56C67 /* Pods-ObjcProjectTemplate.debug.xcconfig */,
				27BC1426165997470C90EC08 /* Pods-ObjcProjectTemplate.release.xcconfig */,
				AD437820CCBEA896F38661AD /* Pods-ObjcProjectTemplate-ObjcProjectTemplateUITests.debug.xcconfig */,
				10529A56727FA749DC1720D9 /* Pods-ObjcProjectTemplate-ObjcProjectTemplateUITests.release.xcconfig */,
				DCE2FB7A86AFB163BBCDCEB6 /* Pods-ObjcProjectTemplateTests.debug.xcconfig */,
				F39283DE4B2C157BA3F0352F /* Pods-ObjcProjectTemplateTests.release.xcconfig */,
			);
			path = Pods;
			sourceTree = "<group>";
		};
		2E82CC032608708600229E1A /* HYFramework */ = {
			isa = PBXGroup;
			children = (
				2E82CC4026087E5D00229E1A /* Base */,
				2E82CC042608708600229E1A /* Category */,
				2E82CC082608708600229E1A /* Config */,
				2E82CC0A2608708600229E1A /* Other */,
				2E82CC0D2608708600229E1A /* Models */,
				2E82CC122608708600229E1A /* Views */,
			);
			path = HYFramework;
			sourceTree = "<group>";
		};
		2E82CC042608708600229E1A /* Category */ = {
			isa = PBXGroup;
			children = (
				2E82CC9C2608975A00229E1A /* MBProgressHUD */,
				2E82CC8426088FF100229E1A /* UIViewController */,
				2E82CC6126088AFF00229E1A /* UIImage */,
				2E82CC5726088A0300229E1A /* UIView */,
				2E82CC24260879AD00229E1A /* UIColor */,
				2E82CC052608708600229E1A /* NSString */,
			);
			path = Category;
			sourceTree = "<group>";
		};
		2E82CC052608708600229E1A /* NSString */ = {
			isa = PBXGroup;
			children = (
				2E82CC062608708600229E1A /* NSString+HYFrame.h */,
				2E82CC072608708600229E1A /* NSString+HYFrame.m */,
				2E82CC2E26087B6F00229E1A /* NSString+HYAdd.h */,
				2E82CC2F26087B6F00229E1A /* NSString+HYAdd.m */,
			);
			path = NSString;
			sourceTree = "<group>";
		};
		2E82CC082608708600229E1A /* Config */ = {
			isa = PBXGroup;
			children = (
				2E92588825B2C6100025370D /* AppConfig */,
				2E92588225B2BAC70025370D /* Macro */,
			);
			path = Config;
			sourceTree = "<group>";
		};
		2E82CC0A2608708600229E1A /* Other */ = {
			isa = PBXGroup;
			children = (
				2E82CCA726089DE600229E1A /* AFNTools */,
				2E82CCA626089DD000229E1A /* TableDataSource */,
			);
			path = Other;
			sourceTree = "<group>";
		};
		2E82CC0D2608708600229E1A /* Models */ = {
			isa = PBXGroup;
			children = (
				2E82CC102608708600229E1A /* HYFormInfoModel.h */,
				2E82CC0F2608708600229E1A /* HYFormInfoModel.m */,
				2E82CC112608708600229E1A /* HYImageVideoModel.h */,
				2E82CC0E2608708600229E1A /* HYImageVideoModel.m */,
			);
			path = Models;
			sourceTree = "<group>";
		};
		2E82CC122608708600229E1A /* Views */ = {
			isa = PBXGroup;
			children = (
				2E82CC162608708600229E1A /* HYImageView.h */,
				2E82CC142608708600229E1A /* HYImageView.m */,
				2E82CC132608708600229E1A /* HYFormSegmentView.h */,
				2E82CC152608708600229E1A /* HYFormSegmentView.m */,
				2E82CC4A2608811E00229E1A /* HYTextView.h */,
				2E82CC4B2608811E00229E1A /* HYTextView.m */,
			);
			path = Views;
			sourceTree = "<group>";
		};
		2E82CC24260879AD00229E1A /* UIColor */ = {
			isa = PBXGroup;
			children = (
				2E82CC2526087A6900229E1A /* UIColor+HYAdd.h */,
				2E82CC2626087A6900229E1A /* UIColor+HYAdd.m */,
			);
			path = UIColor;
			sourceTree = "<group>";
		};
		2E82CC4026087E5D00229E1A /* Base */ = {
			isa = PBXGroup;
			children = (
				2E82CC4326087E8E00229E1A /* Controller */,
				2E82CC4226087E8800229E1A /* View */,
				2E82CC4126087E6800229E1A /* Model */,
			);
			path = Base;
			sourceTree = "<group>";
		};
		2E82CC4126087E6800229E1A /* Model */ = {
			isa = PBXGroup;
			children = (
				2E82CC4426087EB800229E1A /* HYBaseModel.h */,
				2E82CC4526087EB900229E1A /* HYBaseModel.m */,
			);
			path = Model;
			sourceTree = "<group>";
		};
		2E82CC4226087E8800229E1A /* View */ = {
			isa = PBXGroup;
			children = (
			);
			path = View;
			sourceTree = "<group>";
		};
		2E82CC4326087E8E00229E1A /* Controller */ = {
			isa = PBXGroup;
			children = (
				2E82CC7E26088FAE00229E1A /* HYBaseViewController.h */,
				2E82CC7F26088FAE00229E1A /* HYBaseViewController.m */,
			);
			path = Controller;
			sourceTree = "<group>";
		};
		2E82CC5726088A0300229E1A /* UIView */ = {
			isa = PBXGroup;
			children = (
				2E82CC5826088A2100229E1A /* UIView+HYSubview.h */,
				2E82CC5926088A2100229E1A /* UIView+HYSubview.m */,
			);
			path = UIView;
			sourceTree = "<group>";
		};
		2E82CC6126088AFF00229E1A /* UIImage */ = {
			isa = PBXGroup;
			children = (
				2E82CC6226088B0D00229E1A /* UIImage+HYAdd.h */,
				2E82CC6326088B0D00229E1A /* UIImage+HYAdd.m */,
			);
			path = UIImage;
			sourceTree = "<group>";
		};
		2E82CC8426088FF100229E1A /* UIViewController */ = {
			isa = PBXGroup;
			children = (
				2E82CC852608902700229E1A /* UIViewController+HYImagePicker.h */,
				2E82CC862608902700229E1A /* UIViewController+HYImagePicker.m */,
				2E82CC8E2608920900229E1A /* UIViewController+HYAlert.h */,
				2E82CC8F2608920900229E1A /* UIViewController+HYAlert.m */,
			);
			path = UIViewController;
			sourceTree = "<group>";
		};
		2E82CC9C2608975A00229E1A /* MBProgressHUD */ = {
			isa = PBXGroup;
			children = (
				2E82CC9D2608977D00229E1A /* MBProgressHUD+HYAdd.h */,
				2E82CC9E2608977D00229E1A /* MBProgressHUD+HYAdd.m */,
			);
			path = MBProgressHUD;
			sourceTree = "<group>";
		};
		2E82CCA626089DD000229E1A /* TableDataSource */ = {
			isa = PBXGroup;
			children = (
				2E82CC0B2608708600229E1A /* ZhenTableDataSource.m */,
				2E82CC0C2608708600229E1A /* ZhenTableDataSource.h */,
			);
			path = TableDataSource;
			sourceTree = "<group>";
		};
		2E82CCA726089DE600229E1A /* AFNTools */ = {
			isa = PBXGroup;
			children = (
				2E82CCA826089E2700229E1A /* HYAFttpTool.h */,
				2E82CCA926089E2700229E1A /* HYAFttpTool.m */,
			);
			path = AFNTools;
			sourceTree = "<group>";
		};
		2E92582925B2B0750025370D = {
			isa = PBXGroup;
			children = (
				2E92583425B2B0750025370D /* ObjcProjectTemplate */,
				2E92585025B2B0780025370D /* ObjcProjectTemplateTests */,
				2E92585B25B2B0790025370D /* ObjcProjectTemplateUITests */,
				2E92583325B2B0750025370D /* Products */,
				122795590AD5EE18DD96128D /* Pods */,
				10021DA89DE1E309804D4E22 /* Frameworks */,
			);
			sourceTree = "<group>";
		};
		2E92583325B2B0750025370D /* Products */ = {
			isa = PBXGroup;
			children = (
				2E92583225B2B0750025370D /* ObjcProjectTemplate.app */,
				2E92584D25B2B0780025370D /* ObjcProjectTemplateTests.xctest */,
				2E92585825B2B0790025370D /* ObjcProjectTemplateUITests.xctest */,
			);
			name = Products;
			sourceTree = "<group>";
		};
		2E92583425B2B0750025370D /* ObjcProjectTemplate */ = {
			isa = PBXGroup;
			children = (
				2E82CC032608708600229E1A /* HYFramework */,
				2E92583525B2B0750025370D /* AppDelegate.h */,
				2E92583625B2B0750025370D /* AppDelegate.m */,
				2E92583B25B2B0750025370D /* ViewController.h */,
				2E92583C25B2B0750025370D /* ViewController.m */,
				2E92587C25B2B4970025370D /* TestViewController.h */,
				2E92587D25B2B4970025370D /* TestViewController.m */,
				2E92583E25B2B0750025370D /* Main.storyboard */,
				2E92584125B2B0780025370D /* Assets.xcassets */,
				2E92584325B2B0780025370D /* LaunchScreen.storyboard */,
				2E92584625B2B0780025370D /* Info.plist */,
				2E92584725B2B0780025370D /* main.m */,
			);
			path = ObjcProjectTemplate;
			sourceTree = "<group>";
		};
		2E92585025B2B0780025370D /* ObjcProjectTemplateTests */ = {
			isa = PBXGroup;
			children = (
				2E92585125B2B0780025370D /* ObjcProjectTemplateTests.m */,
				2E92585325B2B0780025370D /* Info.plist */,
			);
			path = ObjcProjectTemplateTests;
			sourceTree = "<group>";
		};
		2E92585B25B2B0790025370D /* ObjcProjectTemplateUITests */ = {
			isa = PBXGroup;
			children = (
				2E92585C25B2B0790025370D /* ObjcProjectTemplateUITests.m */,
				2E92585E25B2B0790025370D /* Info.plist */,
			);
			path = ObjcProjectTemplateUITests;
			sourceTree = "<group>";
		};
		2E92588225B2BAC70025370D /* Macro */ = {
			isa = PBXGroup;
			children = (
				2E82CC6B26088CE000229E1A /* HYVerndorMacro.h */,
				2E92588625B2BC440025370D /* HYAPIConfig.h */,
				2E92588725B2BDBF0025370D /* HYConstMacro.h */,
			);
			path = Macro;
			sourceTree = "<group>";
		};
		2E92588825B2C6100025370D /* AppConfig */ = {
			isa = PBXGroup;
			children = (
				2E82CC202608714F00229E1A /* HYPrefixHeader.pch */,
				2E82CC3826087D2600229E1A /* HYFramework.h */,
			);
			path = AppConfig;
			sourceTree = "<group>";
		};
/* End PBXGroup section */

/* Begin PBXNativeTarget section */
		2E92583125B2B0750025370D /* ObjcProjectTemplate */ = {
			isa = PBXNativeTarget;
			buildConfigurationList = 2E92586125B2B0790025370D /* Build configuration list for PBXNativeTarget "ObjcProjectTemplate" */;
			buildPhases = (
				A047FDCC5C37B6FB5B9E969B /* [CP] Check Pods Manifest.lock */,
				2E92582E25B2B0750025370D /* Sources */,
				2E92582F25B2B0750025370D /* Frameworks */,
				2E92583025B2B0750025370D /* Resources */,
				CF61607FDA019700713196D1 /* [CP] Embed Pods Frameworks */,
			);
			buildRules = (
			);
			dependencies = (
			);
			name = ObjcProjectTemplate;
			productName = ObjcProjectTemplate;
			productReference = 2E92583225B2B0750025370D /* ObjcProjectTemplate.app */;
			productType = "com.apple.product-type.application";
		};
		2E92584C25B2B0780025370D /* ObjcProjectTemplateTests */ = {
			isa = PBXNativeTarget;
			buildConfigurationList = 2E92586425B2B0790025370D /* Build configuration list for PBXNativeTarget "ObjcProjectTemplateTests" */;
			buildPhases = (
				BB873B7881A524716A833579 /* [CP] Check Pods Manifest.lock */,
				2E92584925B2B0780025370D /* Sources */,
				2E92584A25B2B0780025370D /* Frameworks */,
				2E92584B25B2B0780025370D /* Resources */,
			);
			buildRules = (
			);
			dependencies = (
				2E92584F25B2B0780025370D /* PBXTargetDependency */,
			);
			name = ObjcProjectTemplateTests;
			productName = ObjcProjectTemplateTests;
			productReference = 2E92584D25B2B0780025370D /* ObjcProjectTemplateTests.xctest */;
			productType = "com.apple.product-type.bundle.unit-test";
		};
		2E92585725B2B0790025370D /* ObjcProjectTemplateUITests */ = {
			isa = PBXNativeTarget;
			buildConfigurationList = 2E92586725B2B0790025370D /* Build configuration list for PBXNativeTarget "ObjcProjectTemplateUITests" */;
			buildPhases = (
				EB907390BECBFE44C5115EF4 /* [CP] Check Pods Manifest.lock */,
				2E92585425B2B0790025370D /* Sources */,
				2E92585525B2B0790025370D /* Frameworks */,
				2E92585625B2B0790025370D /* Resources */,
				98D35A0863E9460E2A8F2862 /* [CP] Embed Pods Frameworks */,
			);
			buildRules = (
			);
			dependencies = (
				2E92585A25B2B0790025370D /* PBXTargetDependency */,
			);
			name = ObjcProjectTemplateUITests;
			productName = ObjcProjectTemplateUITests;
			productReference = 2E92585825B2B0790025370D /* ObjcProjectTemplateUITests.xctest */;
			productType = "com.apple.product-type.bundle.ui-testing";
		};
/* End PBXNativeTarget section */

/* Begin PBXProject section */
		2E92582A25B2B0750025370D /* Project object */ = {
			isa = PBXProject;
			attributes = {
				CLASSPREFIX = HY;
				LastUpgradeCheck = 1230;
				TargetAttributes = {
					2E92583125B2B0750025370D = {
						CreatedOnToolsVersion = 12.3;
					};
					2E92584C25B2B0780025370D = {
						CreatedOnToolsVersion = 12.3;
						TestTargetID = 2E92583125B2B0750025370D;
					};
					2E92585725B2B0790025370D = {
						CreatedOnToolsVersion = 12.3;
						TestTargetID = 2E92583125B2B0750025370D;
					};
				};
			};
			buildConfigurationList = 2E92582D25B2B0750025370D /* Build configuration list for PBXProject "ObjcProjectTemplate" */;
			compatibilityVersion = "Xcode 9.3";
			developmentRegion = en;
			hasScannedForEncodings = 0;
			knownRegions = (
				en,
				Base,
			);
			mainGroup = 2E92582925B2B0750025370D;
			productRefGroup = 2E92583325B2B0750025370D /* Products */;
			projectDirPath = "";
			projectRoot = "";
			targets = (
				2E92583125B2B0750025370D /* ObjcProjectTemplate */,
				2E92584C25B2B0780025370D /* ObjcProjectTemplateTests */,
				2E92585725B2B0790025370D /* ObjcProjectTemplateUITests */,
			);
		};
/* End PBXProject section */

/* Begin PBXResourcesBuildPhase section */
		2E92583025B2B0750025370D /* Resources */ = {
			isa = PBXResourcesBuildPhase;
			buildActionMask = 2147483647;
			files = (
				2E92584525B2B0780025370D /* LaunchScreen.storyboard in Resources */,
				2E92584225B2B0780025370D /* Assets.xcassets in Resources */,
				2E92584025B2B0750025370D /* Main.storyboard in Resources */,
			);
			runOnlyForDeploymentPostprocessing = 0;
		};
		2E92584B25B2B0780025370D /* Resources */ = {
			isa = PBXResourcesBuildPhase;
			buildActionMask = 2147483647;
			files = (
			);
			runOnlyForDeploymentPostprocessing = 0;
		};
		2E92585625B2B0790025370D /* Resources */ = {
			isa = PBXResourcesBuildPhase;
			buildActionMask = 2147483647;
			files = (
			);
			runOnlyForDeploymentPostprocessing = 0;
		};
/* End PBXResourcesBuildPhase section */

/* Begin PBXShellScriptBuildPhase section */
		98D35A0863E9460E2A8F2862 /* [CP] Embed Pods Frameworks */ = {
			isa = PBXShellScriptBuildPhase;
			buildActionMask = 2147483647;
			files = (
			);
			inputFileListPaths = (
				"${PODS_ROOT}/Target Support Files/Pods-ObjcProjectTemplate-ObjcProjectTemplateUITests/Pods-ObjcProjectTemplate-ObjcProjectTemplateUITests-frameworks-${CONFIGURATION}-input-files.xcfilelist",
			);
			name = "[CP] Embed Pods Frameworks";
			outputFileListPaths = (
				"${PODS_ROOT}/Target Support Files/Pods-ObjcProjectTemplate-ObjcProjectTemplateUITests/Pods-ObjcProjectTemplate-ObjcProjectTemplateUITests-frameworks-${CONFIGURATION}-output-files.xcfilelist",
			);
			runOnlyForDeploymentPostprocessing = 0;
			shellPath = /bin/sh;
			shellScript = "\"${PODS_ROOT}/Target Support Files/Pods-ObjcProjectTemplate-ObjcProjectTemplateUITests/Pods-ObjcProjectTemplate-ObjcProjectTemplateUITests-frameworks.sh\"\n";
			showEnvVarsInLog = 0;
		};
		A047FDCC5C37B6FB5B9E969B /* [CP] Check Pods Manifest.lock */ = {
			isa = PBXShellScriptBuildPhase;
			buildActionMask = 2147483647;
			files = (
			);
			inputFileListPaths = (
			);
			inputPaths = (
				"${PODS_PODFILE_DIR_PATH}/Podfile.lock",
				"${PODS_ROOT}/Manifest.lock",
			);
			name = "[CP] Check Pods Manifest.lock";
			outputFileListPaths = (
			);
			outputPaths = (
				"$(DERIVED_FILE_DIR)/Pods-ObjcProjectTemplate-checkManifestLockResult.txt",
			);
			runOnlyForDeploymentPostprocessing = 0;
			shellPath = /bin/sh;
			shellScript = "diff \"${PODS_PODFILE_DIR_PATH}/Podfile.lock\" \"${PODS_ROOT}/Manifest.lock\" > /dev/null\nif [ $? != 0 ] ; then\n    # print error to STDERR\n    echo \"error: The sandbox is not in sync with the Podfile.lock. Run 'pod install' or update your CocoaPods installation.\" >&2\n    exit 1\nfi\n# This output is used by Xcode 'outputs' to avoid re-running this script phase.\necho \"SUCCESS\" > \"${SCRIPT_OUTPUT_FILE_0}\"\n";
			showEnvVarsInLog = 0;
		};
		BB873B7881A524716A833579 /* [CP] Check Pods Manifest.lock */ = {
			isa = PBXShellScriptBuildPhase;
			buildActionMask = 2147483647;
			files = (
			);
			inputFileListPaths = (
			);
			inputPaths = (
				"${PODS_PODFILE_DIR_PATH}/Podfile.lock",
				"${PODS_ROOT}/Manifest.lock",
			);
			name = "[CP] Check Pods Manifest.lock";
			outputFileListPaths = (
			);
			outputPaths = (
				"$(DERIVED_FILE_DIR)/Pods-ObjcProjectTemplateTests-checkManifestLockResult.txt",
			);
			runOnlyForDeploymentPostprocessing = 0;
			shellPath = /bin/sh;
			shellScript = "diff \"${PODS_PODFILE_DIR_PATH}/Podfile.lock\" \"${PODS_ROOT}/Manifest.lock\" > /dev/null\nif [ $? != 0 ] ; then\n    # print error to STDERR\n    echo \"error: The sandbox is not in sync with the Podfile.lock. Run 'pod install' or update your CocoaPods installation.\" >&2\n    exit 1\nfi\n# This output is used by Xcode 'outputs' to avoid re-running this script phase.\necho \"SUCCESS\" > \"${SCRIPT_OUTPUT_FILE_0}\"\n";
			showEnvVarsInLog = 0;
		};
		CF61607FDA019700713196D1 /* [CP] Embed Pods Frameworks */ = {
			isa = PBXShellScriptBuildPhase;
			buildActionMask = 2147483647;
			files = (
			);
			inputFileListPaths = (
				"${PODS_ROOT}/Target Support Files/Pods-ObjcProjectTemplate/Pods-ObjcProjectTemplate-frameworks-${CONFIGURATION}-input-files.xcfilelist",
			);
			name = "[CP] Embed Pods Frameworks";
			outputFileListPaths = (
				"${PODS_ROOT}/Target Support Files/Pods-ObjcProjectTemplate/Pods-ObjcProjectTemplate-frameworks-${CONFIGURATION}-output-files.xcfilelist",
			);
			runOnlyForDeploymentPostprocessing = 0;
			shellPath = /bin/sh;
			shellScript = "\"${PODS_ROOT}/Target Support Files/Pods-ObjcProjectTemplate/Pods-ObjcProjectTemplate-frameworks.sh\"\n";
			showEnvVarsInLog = 0;
		};
		EB907390BECBFE44C5115EF4 /* [CP] Check Pods Manifest.lock */ = {
			isa = PBXShellScriptBuildPhase;
			buildActionMask = 2147483647;
			files = (
			);
			inputFileListPaths = (
			);
			inputPaths = (
				"${PODS_PODFILE_DIR_PATH}/Podfile.lock",
				"${PODS_ROOT}/Manifest.lock",
			);
			name = "[CP] Check Pods Manifest.lock";
			outputFileListPaths = (
			);
			outputPaths = (
				"$(DERIVED_FILE_DIR)/Pods-ObjcProjectTemplate-ObjcProjectTemplateUITests-checkManifestLockResult.txt",
			);
			runOnlyForDeploymentPostprocessing = 0;
			shellPath = /bin/sh;
			shellScript = "diff \"${PODS_PODFILE_DIR_PATH}/Podfile.lock\" \"${PODS_ROOT}/Manifest.lock\" > /dev/null\nif [ $? != 0 ] ; then\n    # print error to STDERR\n    echo \"error: The sandbox is not in sync with the Podfile.lock. Run 'pod install' or update your CocoaPods installation.\" >&2\n    exit 1\nfi\n# This output is used by Xcode 'outputs' to avoid re-running this script phase.\necho \"SUCCESS\" > \"${SCRIPT_OUTPUT_FILE_0}\"\n";
			showEnvVarsInLog = 0;
		};
/* End PBXShellScriptBuildPhase section */

/* Begin PBXSourcesBuildPhase section */
		2E92582E25B2B0750025370D /* Sources */ = {
			isa = PBXSourcesBuildPhase;
			buildActionMask = 2147483647;
			files = (
				2E82CC6426088B0D00229E1A /* UIImage+HYAdd.m in Sources */,
				2E92583D25B2B0750025370D /* ViewController.m in Sources */,
				2E82CC872608902700229E1A /* UIViewController+HYImagePicker.m in Sources */,
				2E82CC1B2608708600229E1A /* HYImageView.m in Sources */,
				2E92583725B2B0750025370D /* AppDelegate.m in Sources */,
				2E82CC192608708600229E1A /* HYImageVideoModel.m in Sources */,
				2E82CC4626087EB900229E1A /* HYBaseModel.m in Sources */,
				2E82CC182608708600229E1A /* ZhenTableDataSource.m in Sources */,
				2E82CC8026088FAE00229E1A /* HYBaseViewController.m in Sources */,
				2E82CC4C2608811E00229E1A /* HYTextView.m in Sources */,
				2E82CC9F2608977D00229E1A /* MBProgressHUD+HYAdd.m in Sources */,
				2E82CCAA26089E2700229E1A /* HYAFttpTool.m in Sources */,
				2E82CC1C2608708600229E1A /* HYFormSegmentView.m in Sources */,
				2E82CC1A2608708600229E1A /* HYFormInfoModel.m in Sources */,
				2E82CC172608708600229E1A /* NSString+HYFrame.m in Sources */,
				2E82CC3026087B6F00229E1A /* NSString+HYAdd.m in Sources */,
				2E92587E25B2B4970025370D /* TestViewController.m in Sources */,
				2E92584825B2B0780025370D /* main.m in Sources */,
				2E82CC2726087A6900229E1A /* UIColor+HYAdd.m in Sources */,
				2E82CC5A26088A2100229E1A /* UIView+HYSubview.m in Sources */,
				2E82CC902608920900229E1A /* UIViewController+HYAlert.m in Sources */,
			);
			runOnlyForDeploymentPostprocessing = 0;
		};
		2E92584925B2B0780025370D /* Sources */ = {
			isa = PBXSourcesBuildPhase;
			buildActionMask = 2147483647;
			files = (
				2E92585225B2B0780025370D /* ObjcProjectTemplateTests.m in Sources */,
			);
			runOnlyForDeploymentPostprocessing = 0;
		};
		2E92585425B2B0790025370D /* Sources */ = {
			isa = PBXSourcesBuildPhase;
			buildActionMask = 2147483647;
			files = (
				2E92585D25B2B0790025370D /* ObjcProjectTemplateUITests.m in Sources */,
			);
			runOnlyForDeploymentPostprocessing = 0;
		};
/* End PBXSourcesBuildPhase section */

/* Begin PBXTargetDependency section */
		2E92584F25B2B0780025370D /* PBXTargetDependency */ = {
			isa = PBXTargetDependency;
			target = 2E92583125B2B0750025370D /* ObjcProjectTemplate */;
			targetProxy = 2E92584E25B2B0780025370D /* PBXContainerItemProxy */;
		};
		2E92585A25B2B0790025370D /* PBXTargetDependency */ = {
			isa = PBXTargetDependency;
			target = 2E92583125B2B0750025370D /* ObjcProjectTemplate */;
			targetProxy = 2E92585925B2B0790025370D /* PBXContainerItemProxy */;
		};
/* End PBXTargetDependency section */

/* Begin PBXVariantGroup section */
		2E92583E25B2B0750025370D /* Main.storyboard */ = {
			isa = PBXVariantGroup;
			children = (
				2E92583F25B2B0750025370D /* Base */,
			);
			name = Main.storyboard;
			sourceTree = "<group>";
		};
		2E92584325B2B0780025370D /* LaunchScreen.storyboard */ = {
			isa = PBXVariantGroup;
			children = (
				2E92584425B2B0780025370D /* Base */,
			);
			name = LaunchScreen.storyboard;
			sourceTree = "<group>";
		};
/* End PBXVariantGroup section */

/* Begin XCBuildConfiguration section */
		2E92585F25B2B0790025370D /* Debug */ = {
			isa = XCBuildConfiguration;
			buildSettings = {
				ALWAYS_SEARCH_USER_PATHS = NO;
				CLANG_ANALYZER_NONNULL = YES;
				CLANG_ANALYZER_NUMBER_OBJECT_CONVERSION = YES_AGGRESSIVE;
				CLANG_CXX_LANGUAGE_STANDARD = "gnu++14";
				CLANG_CXX_LIBRARY = "libc++";
				CLANG_ENABLE_MODULES = YES;
				CLANG_ENABLE_OBJC_ARC = YES;
				CLANG_ENABLE_OBJC_WEAK = YES;
				CLANG_WARN_BLOCK_CAPTURE_AUTORELEASING = YES;
				CLANG_WARN_BOOL_CONVERSION = YES;
				CLANG_WARN_COMMA = YES;
				CLANG_WARN_CONSTANT_CONVERSION = YES;
				CLANG_WARN_DEPRECATED_OBJC_IMPLEMENTATIONS = YES;
				CLANG_WARN_DIRECT_OBJC_ISA_USAGE = YES_ERROR;
				CLANG_WARN_DOCUMENTATION_COMMENTS = YES;
				CLANG_WARN_EMPTY_BODY = YES;
				CLANG_WARN_ENUM_CONVERSION = YES;
				CLANG_WARN_INFINITE_RECURSION = YES;
				CLANG_WARN_INT_CONVERSION = YES;
				CLANG_WARN_NON_LITERAL_NULL_CONVERSION = YES;
				CLANG_WARN_OBJC_IMPLICIT_RETAIN_SELF = YES;
				CLANG_WARN_OBJC_LITERAL_CONVERSION = YES;
				CLANG_WARN_OBJC_ROOT_CLASS = YES_ERROR;
				CLANG_WARN_QUOTED_INCLUDE_IN_FRAMEWORK_HEADER = YES;
				CLANG_WARN_RANGE_LOOP_ANALYSIS = YES;
				CLANG_WARN_STRICT_PROTOTYPES = YES;
				CLANG_WARN_SUSPICIOUS_MOVE = YES;
				CLANG_WARN_UNGUARDED_AVAILABILITY = YES_AGGRESSIVE;
				CLANG_WARN_UNREACHABLE_CODE = YES;
				CLANG_WARN__DUPLICATE_METHOD_MATCH = YES;
				COPY_PHASE_STRIP = NO;
				DEBUG_INFORMATION_FORMAT = dwarf;
				ENABLE_STRICT_OBJC_MSGSEND = YES;
				ENABLE_TESTABILITY = YES;
				GCC_C_LANGUAGE_STANDARD = gnu11;
				GCC_DYNAMIC_NO_PIC = NO;
				GCC_NO_COMMON_BLOCKS = YES;
				GCC_OPTIMIZATION_LEVEL = 0;
				GCC_PREPROCESSOR_DEFINITIONS = (
					"DEBUG=1",
					"$(inherited)",
				);
				GCC_WARN_64_TO_32_BIT_CONVERSION = YES;
				GCC_WARN_ABOUT_RETURN_TYPE = YES_ERROR;
				GCC_WARN_UNDECLARED_SELECTOR = YES;
				GCC_WARN_UNINITIALIZED_AUTOS = YES_AGGRESSIVE;
				GCC_WARN_UNUSED_FUNCTION = YES;
				GCC_WARN_UNUSED_VARIABLE = YES;
				IPHONEOS_DEPLOYMENT_TARGET = 14.3;
				MTL_ENABLE_DEBUG_INFO = INCLUDE_SOURCE;
				MTL_FAST_MATH = YES;
				ONLY_ACTIVE_ARCH = YES;
				SDKROOT = iphoneos;
			};
			name = Debug;
		};
		2E92586025B2B0790025370D /* Release */ = {
			isa = XCBuildConfiguration;
			buildSettings = {
				ALWAYS_SEARCH_USER_PATHS = NO;
				CLANG_ANALYZER_NONNULL = YES;
				CLANG_ANALYZER_NUMBER_OBJECT_CONVERSION = YES_AGGRESSIVE;
				CLANG_CXX_LANGUAGE_STANDARD = "gnu++14";
				CLANG_CXX_LIBRARY = "libc++";
				CLANG_ENABLE_MODULES = YES;
				CLANG_ENABLE_OBJC_ARC = YES;
				CLANG_ENABLE_OBJC_WEAK = YES;
				CLANG_WARN_BLOCK_CAPTURE_AUTORELEASING = YES;
				CLANG_WARN_BOOL_CONVERSION = YES;
				CLANG_WARN_COMMA = YES;
				CLANG_WARN_CONSTANT_CONVERSION = YES;
				CLANG_WARN_DEPRECATED_OBJC_IMPLEMENTATIONS = YES;
				CLANG_WARN_DIRECT_OBJC_ISA_USAGE = YES_ERROR;
				CLANG_WARN_DOCUMENTATION_COMMENTS = YES;
				CLANG_WARN_EMPTY_BODY = YES;
				CLANG_WARN_ENUM_CONVERSION = YES;
				CLANG_WARN_INFINITE_RECURSION = YES;
				CLANG_WARN_INT_CONVERSION = YES;
				CLANG_WARN_NON_LITERAL_NULL_CONVERSION = YES;
				CLANG_WARN_OBJC_IMPLICIT_RETAIN_SELF = YES;
				CLANG_WARN_OBJC_LITERAL_CONVERSION = YES;
				CLANG_WARN_OBJC_ROOT_CLASS = YES_ERROR;
				CLANG_WARN_QUOTED_INCLUDE_IN_FRAMEWORK_HEADER = YES;
				CLANG_WARN_RANGE_LOOP_ANALYSIS = YES;
				CLANG_WARN_STRICT_PROTOTYPES = YES;
				CLANG_WARN_SUSPICIOUS_MOVE = YES;
				CLANG_WARN_UNGUARDED_AVAILABILITY = YES_AGGRESSIVE;
				CLANG_WARN_UNREACHABLE_CODE = YES;
				CLANG_WARN__DUPLICATE_METHOD_MATCH = YES;
				COPY_PHASE_STRIP = NO;
				DEBUG_INFORMATION_FORMAT = "dwarf-with-dsym";
				ENABLE_NS_ASSERTIONS = NO;
				ENABLE_STRICT_OBJC_MSGSEND = YES;
				GCC_C_LANGUAGE_STANDARD = gnu11;
				GCC_NO_COMMON_BLOCKS = YES;
				GCC_WARN_64_TO_32_BIT_CONVERSION = YES;
				GCC_WARN_ABOUT_RETURN_TYPE = YES_ERROR;
				GCC_WARN_UNDECLARED_SELECTOR = YES;
				GCC_WARN_UNINITIALIZED_AUTOS = YES_AGGRESSIVE;
				GCC_WARN_UNUSED_FUNCTION = YES;
				GCC_WARN_UNUSED_VARIABLE = YES;
				IPHONEOS_DEPLOYMENT_TARGET = 14.3;
				MTL_ENABLE_DEBUG_INFO = NO;
				MTL_FAST_MATH = YES;
				SDKROOT = iphoneos;
				VALIDATE_PRODUCT = YES;
			};
			name = Release;
		};
		2E92586225B2B0790025370D /* Debug */ = {
			isa = XCBuildConfiguration;
			baseConfigurationReference = 1CBC84238048FD9A14A56C67 /* Pods-ObjcProjectTemplate.debug.xcconfig */;
			buildSettings = {
				ASSETCATALOG_COMPILER_APPICON_NAME = AppIcon;
				ASSETCATALOG_COMPILER_GLOBAL_ACCENT_COLOR_NAME = AccentColor;
				CODE_SIGN_STYLE = Automatic;
				GCC_PREFIX_HEADER = "$(SRCROOT)/ObjcProjectTemplate/HYFramework/Config/AppConfig/HYPrefixHeader.pch";
				INFOPLIST_FILE = ObjcProjectTemplate/Info.plist;
				IPHONEOS_DEPLOYMENT_TARGET = 10.0;
				LD_RUNPATH_SEARCH_PATHS = (
					"$(inherited)",
					"@executable_path/Frameworks",
				);
				PRODUCT_BUNDLE_IDENTIFIER = com.oc.ObjcProjectTemplate;
				PRODUCT_NAME = "$(TARGET_NAME)";
				TARGETED_DEVICE_FAMILY = 1;
			};
			name = Debug;
		};
		2E92586325B2B0790025370D /* Release */ = {
			isa = XCBuildConfiguration;
			baseConfigurationReference = 27BC1426165997470C90EC08 /* Pods-ObjcProjectTemplate.release.xcconfig */;
			buildSettings = {
				ASSETCATALOG_COMPILER_APPICON_NAME = AppIcon;
				ASSETCATALOG_COMPILER_GLOBAL_ACCENT_COLOR_NAME = AccentColor;
				CODE_SIGN_STYLE = Automatic;
				GCC_PREFIX_HEADER = "$(SRCROOT)/ObjcProjectTemplate/HYFramework/Config/AppConfig/HYPrefixHeader.pch";
				INFOPLIST_FILE = ObjcProjectTemplate/Info.plist;
				IPHONEOS_DEPLOYMENT_TARGET = 10.0;
				LD_RUNPATH_SEARCH_PATHS = (
					"$(inherited)",
					"@executable_path/Frameworks",
				);
				PRODUCT_BUNDLE_IDENTIFIER = com.oc.ObjcProjectTemplate;
				PRODUCT_NAME = "$(TARGET_NAME)";
				TARGETED_DEVICE_FAMILY = 1;
			};
			name = Release;
		};
		2E92586525B2B0790025370D /* Debug */ = {
			isa = XCBuildConfiguration;
			baseConfigurationReference = DCE2FB7A86AFB163BBCDCEB6 /* Pods-ObjcProjectTemplateTests.debug.xcconfig */;
			buildSettings = {
				BUNDLE_LOADER = "$(TEST_HOST)";
				CODE_SIGN_STYLE = Automatic;
				INFOPLIST_FILE = ObjcProjectTemplateTests/Info.plist;
				IPHONEOS_DEPLOYMENT_TARGET = 14.3;
				LD_RUNPATH_SEARCH_PATHS = (
					"$(inherited)",
					"@executable_path/Frameworks",
					"@loader_path/Frameworks",
				);
				PRODUCT_BUNDLE_IDENTIFIER = com.findme.FindmeEducation.ObjcProjectTemplateTests;
				PRODUCT_NAME = "$(TARGET_NAME)";
				TARGETED_DEVICE_FAMILY = "1,2";
				TEST_HOST = "$(BUILT_PRODUCTS_DIR)/ObjcProjectTemplate.app/ObjcProjectTemplate";
			};
			name = Debug;
		};
		2E92586625B2B0790025370D /* Release */ = {
			isa = XCBuildConfiguration;
			baseConfigurationReference = F39283DE4B2C157BA3F0352F /* Pods-ObjcProjectTemplateTests.release.xcconfig */;
			buildSettings = {
				BUNDLE_LOADER = "$(TEST_HOST)";
				CODE_SIGN_STYLE = Automatic;
				INFOPLIST_FILE = ObjcProjectTemplateTests/Info.plist;
				IPHONEOS_DEPLOYMENT_TARGET = 14.3;
				LD_RUNPATH_SEARCH_PATHS = (
					"$(inherited)",
					"@executable_path/Frameworks",
					"@loader_path/Frameworks",
				);
				PRODUCT_BUNDLE_IDENTIFIER = com.findme.FindmeEducation.ObjcProjectTemplateTests;
				PRODUCT_NAME = "$(TARGET_NAME)";
				TARGETED_DEVICE_FAMILY = "1,2";
				TEST_HOST = "$(BUILT_PRODUCTS_DIR)/ObjcProjectTemplate.app/ObjcProjectTemplate";
			};
			name = Release;
		};
		2E92586825B2B0790025370D /* Debug */ = {
			isa = XCBuildConfiguration;
			baseConfigurationReference = AD437820CCBEA896F38661AD /* Pods-ObjcProjectTemplate-ObjcProjectTemplateUITests.debug.xcconfig */;
			buildSettings = {
				CODE_SIGN_STYLE = Automatic;
				INFOPLIST_FILE = ObjcProjectTemplateUITests/Info.plist;
				LD_RUNPATH_SEARCH_PATHS = (
					"$(inherited)",
					"@executable_path/Frameworks",
					"@loader_path/Frameworks",
				);
				PRODUCT_BUNDLE_IDENTIFIER = com.findme.FindmeEducation.ObjcProjectTemplateUITests;
				PRODUCT_NAME = "$(TARGET_NAME)";
				TARGETED_DEVICE_FAMILY = "1,2";
				TEST_TARGET_NAME = ObjcProjectTemplate;
			};
			name = Debug;
		};
		2E92586925B2B0790025370D /* Release */ = {
			isa = XCBuildConfiguration;
			baseConfigurationReference = 10529A56727FA749DC1720D9 /* Pods-ObjcProjectTemplate-ObjcProjectTemplateUITests.release.xcconfig */;
			buildSettings = {
				CODE_SIGN_STYLE = Automatic;
				INFOPLIST_FILE = ObjcProjectTemplateUITests/Info.plist;
				LD_RUNPATH_SEARCH_PATHS = (
					"$(inherited)",
					"@executable_path/Frameworks",
					"@loader_path/Frameworks",
				);
				PRODUCT_BUNDLE_IDENTIFIER = com.findme.FindmeEducation.ObjcProjectTemplateUITests;
				PRODUCT_NAME = "$(TARGET_NAME)";
				TARGETED_DEVICE_FAMILY = "1,2";
				TEST_TARGET_NAME = ObjcProjectTemplate;
			};
			name = Release;
		};
/* End XCBuildConfiguration section */

/* Begin XCConfigurationList section */
		2E92582D25B2B0750025370D /* Build configuration list for PBXProject "ObjcProjectTemplate" */ = {
			isa = XCConfigurationList;
			buildConfigurations = (
				2E92585F25B2B0790025370D /* Debug */,
				2E92586025B2B0790025370D /* Release */,
			);
			defaultConfigurationIsVisible = 0;
			defaultConfigurationName = Release;
		};
		2E92586125B2B0790025370D /* Build configuration list for PBXNativeTarget "ObjcProjectTemplate" */ = {
			isa = XCConfigurationList;
			buildConfigurations = (
				2E92586225B2B0790025370D /* Debug */,
				2E92586325B2B0790025370D /* Release */,
			);
			defaultConfigurationIsVisible = 0;
			defaultConfigurationName = Release;
		};
		2E92586425B2B0790025370D /* Build configuration list for PBXNativeTarget "ObjcProjectTemplateTests" */ = {
			isa = XCConfigurationList;
			buildConfigurations = (
				2E92586525B2B0790025370D /* Debug */,
				2E92586625B2B0790025370D /* Release */,
			);
			defaultConfigurationIsVisible = 0;
			defaultConfigurationName = Release;
		};
		2E92586725B2B0790025370D /* Build configuration list for PBXNativeTarget "ObjcProjectTemplateUITests" */ = {
			isa = XCConfigurationList;
			buildConfigurations = (
				2E92586825B2B0790025370D /* Debug */,
				2E92586925B2B0790025370D /* Release */,
			);
			defaultConfigurationIsVisible = 0;
			defaultConfigurationName = Release;
		};
/* End XCConfigurationList section */
	};
	rootObject = 2E92582A25B2B0750025370D /* Project object */;
}
